
Microsoft Visual Studio Solution File, Format Version 12.00
# Visual Studio Version 16
VisualStudioVersion = 16.0.29926.136
MinimumVisualStudioVersion = 10.0.40219.1
Project("{2150E333-8FDC-42A3-9474-1A3956D46DE8}") = "1- External UI", "1- External UI", "{3440EE81-458C-4F99-8F8A-DDDF01CB8857}"
EndProject
Project("{2150E333-8FDC-42A3-9474-1A3956D46DE8}") = "3 - Api Gateway", "3 - Api Gateway", "{323F5BF0-5B10-474B-989C-7CDF15D068D5}"
EndProject
Project("{2150E333-8FDC-42A3-9474-1A3956D46DE8}") = "4 - Services", "4 - Services", "{F2F0ECDC-9D79-4F3B-8B56-B679BC024E68}"
EndProject
Project("{2150E333-8FDC-42A3-9474-1A3956D46DE8}") = "Authentication", "Authentication", "{352E2A62-9C3D-40A3-AF95-0C0B23349D1F}"
EndProject
Project("{9A19103F-16F7-4668-BE54-9A1E7A4F7556}") = "99Empreteiros.Api", "Api\99Empreteiros.Api\99Empreteiros.Api.csproj", "{9BB60D70-6372-4957-8A04-F2382C368797}"
EndProject
Project("{9A19103F-16F7-4668-BE54-9A1E7A4F7556}") = "Authentication.Api", "Services\Authentication\Authentication.Api\Authentication.Api.csproj", "{FA66014A-25E1-43D4-BB63-A40D5581EC3D}"
EndProject
Project("{2150E333-8FDC-42A3-9474-1A3956D46DE8}") = "5 - Packages", "5 - Packages", "{16AAA890-47C8-4324-B374-6BE720D1F064}"
EndProject
Project("{2150E333-8FDC-42A3-9474-1A3956D46DE8}") = "Logger", "Logger", "{155A8CAC-F8C8-442C-9270-C4DB4B479B16}"
EndProject
Project("{2150E333-8FDC-42A3-9474-1A3956D46DE8}") = "Register", "Register", "{EB71D836-48AB-43A0-874E-96067AFD5D96}"
EndProject
Project("{2150E333-8FDC-42A3-9474-1A3956D46DE8}") = "Test", "Test", "{A19FAA1D-346E-4A6D-BC1D-FEFFF0609A22}"
EndProject
Project("{9A19103F-16F7-4668-BE54-9A1E7A4F7556}") = "Authentication.Core", "Services\Authentication\Authentication.Core\Authentication.Core.csproj", "{2DCD502A-E0EC-4CEF-9DA0-5BB6C53F261A}"
EndProject
Project("{9A19103F-16F7-4668-BE54-9A1E7A4F7556}") = "Authentication.UnitTest", "Services\Authentication\Authentication.UnitTest\Authentication.UnitTest.csproj", "{179B2688-A2F6-4748-85FC-3CDD9BF70498}"
EndProject
Project("{9A19103F-16F7-4668-BE54-9A1E7A4F7556}") = "Authentication.IntegrationTest", "Services\Authentication\Authentication.IntegrationTest\Authentication.IntegrationTest.csproj", "{D70EE038-536F-46EE-8704-6FA5516D9FC4}"
EndProject
Project("{9A19103F-16F7-4668-BE54-9A1E7A4F7556}") = "Authentication.FunctionalTest", "Services\Authentication\Authentication.FunctionalTest\Authentication.FunctionalTest.csproj", "{6F6C08A9-4F5B-480A-BCC7-8CDEED951918}"
EndProject
Project("{9A19103F-16F7-4668-BE54-9A1E7A4F7556}") = "Authentication.Infrastructure", "Services\Authentication\Authentication.Infrastructure\Authentication.Infrastructure.csproj", "{FE9FB8FE-CA6D-44DD-8FA4-C0EA5DD562BE}"
EndProject
Project("{2150E333-8FDC-42A3-9474-1A3956D46DE8}") = "Test", "Test", "{981065BB-D560-4878-91F4-00CE276F8CF5}"
EndProject
Project("{2150E333-8FDC-42A3-9474-1A3956D46DE8}") = "2 - Internal UI", "2 - Internal UI", "{D9114968-27FF-45A8-8C1E-553FEDF155AF}"
EndProject
Project("{9A19103F-16F7-4668-BE54-9A1E7A4F7556}") = "99Empreteiros.UI", "UI External\99Empreteiros.UI\99Empreteiros.UI.csproj", "{8B76E525-8744-48E1-B1CE-900DA23E0C91}"
EndProject
Project("{FAE04EC0-301F-11D3-BF4B-00C04F79EFBC}") = "99Empreteiros.Admin.UI", "UI Internal\99Empreteiros.Admin.UI\99Empreteiros.Admin.UI.csproj", "{7159B945-AA82-468E-994A-33D7564D99A3}"
EndProject
Global
	GlobalSection(SolutionConfigurationPlatforms) = preSolution
		Debug|Any CPU = Debug|Any CPU
		Release|Any CPU = Release|Any CPU
	EndGlobalSection
	GlobalSection(ProjectConfigurationPlatforms) = postSolution
		{9BB60D70-6372-4957-8A04-F2382C368797}.Debug|Any CPU.ActiveCfg = Debug|Any CPU
		{9BB60D70-6372-4957-8A04-F2382C368797}.Debug|Any CPU.Build.0 = Debug|Any CPU
		{9BB60D70-6372-4957-8A04-F2382C368797}.Release|Any CPU.ActiveCfg = Release|Any CPU
		{9BB60D70-6372-4957-8A04-F2382C368797}.Release|Any CPU.Build.0 = Release|Any CPU
		{FA66014A-25E1-43D4-BB63-A40D5581EC3D}.Debug|Any CPU.ActiveCfg = Debug|Any CPU
		{FA66014A-25E1-43D4-BB63-A40D5581EC3D}.Debug|Any CPU.Build.0 = Debug|Any CPU
		{FA66014A-25E1-43D4-BB63-A40D5581EC3D}.Release|Any CPU.ActiveCfg = Release|Any CPU
		{FA66014A-25E1-43D4-BB63-A40D5581EC3D}.Release|Any CPU.Build.0 = Release|Any CPU
		{2DCD502A-E0EC-4CEF-9DA0-5BB6C53F261A}.Debug|Any CPU.ActiveCfg = Debug|Any CPU
		{2DCD502A-E0EC-4CEF-9DA0-5BB6C53F261A}.Debug|Any CPU.Build.0 = Debug|Any CPU
		{2DCD502A-E0EC-4CEF-9DA0-5BB6C53F261A}.Release|Any CPU.ActiveCfg = Release|Any CPU
		{2DCD502A-E0EC-4CEF-9DA0-5BB6C53F261A}.Release|Any CPU.Build.0 = Release|Any CPU
		{179B2688-A2F6-4748-85FC-3CDD9BF70498}.Debug|Any CPU.ActiveCfg = Debug|Any CPU
		{179B2688-A2F6-4748-85FC-3CDD9BF70498}.Debug|Any CPU.Build.0 = Debug|Any CPU
		{179B2688-A2F6-4748-85FC-3CDD9BF70498}.Release|Any CPU.ActiveCfg = Release|Any CPU
		{179B2688-A2F6-4748-85FC-3CDD9BF70498}.Release|Any CPU.Build.0 = Release|Any CPU
		{D70EE038-536F-46EE-8704-6FA5516D9FC4}.Debug|Any CPU.ActiveCfg = Debug|Any CPU
		{D70EE038-536F-46EE-8704-6FA5516D9FC4}.Debug|Any CPU.Build.0 = Debug|Any CPU
		{D70EE038-536F-46EE-8704-6FA5516D9FC4}.Release|Any CPU.ActiveCfg = Release|Any CPU
		{D70EE038-536F-46EE-8704-6FA5516D9FC4}.Release|Any CPU.Build.0 = Release|Any CPU
		{6F6C08A9-4F5B-480A-BCC7-8CDEED951918}.Debug|Any CPU.ActiveCfg = Debug|Any CPU
		{6F6C08A9-4F5B-480A-BCC7-8CDEED951918}.Debug|Any CPU.Build.0 = Debug|Any CPU
		{6F6C08A9-4F5B-480A-BCC7-8CDEED951918}.Release|Any CPU.ActiveCfg = Release|Any CPU
		{6F6C08A9-4F5B-480A-BCC7-8CDEED951918}.Release|Any CPU.Build.0 = Release|Any CPU
		{FE9FB8FE-CA6D-44DD-8FA4-C0EA5DD562BE}.Debug|Any CPU.ActiveCfg = Debug|Any CPU
		{FE9FB8FE-CA6D-44DD-8FA4-C0EA5DD562BE}.Debug|Any CPU.Build.0 = Debug|Any CPU
		{FE9FB8FE-CA6D-44DD-8FA4-C0EA5DD562BE}.Release|Any CPU.ActiveCfg = Release|Any CPU
		{FE9FB8FE-CA6D-44DD-8FA4-C0EA5DD562BE}.Release|Any CPU.Build.0 = Release|Any CPU
		{8B76E525-8744-48E1-B1CE-900DA23E0C91}.Debug|Any CPU.ActiveCfg = Debug|Any CPU
		{8B76E525-8744-48E1-B1CE-900DA23E0C91}.Debug|Any CPU.Build.0 = Debug|Any CPU
		{8B76E525-8744-48E1-B1CE-900DA23E0C91}.Release|Any CPU.ActiveCfg = Release|Any CPU
		{8B76E525-8744-48E1-B1CE-900DA23E0C91}.Release|Any CPU.Build.0 = Release|Any CPU
		{7159B945-AA82-468E-994A-33D7564D99A3}.Debug|Any CPU.ActiveCfg = Debug|Any CPU
		{7159B945-AA82-468E-994A-33D7564D99A3}.Debug|Any CPU.Build.0 = Debug|Any CPU
		{7159B945-AA82-468E-994A-33D7564D99A3}.Release|Any CPU.ActiveCfg = Release|Any CPU
		{7159B945-AA82-468E-994A-33D7564D99A3}.Release|Any CPU.Build.0 = Release|Any CPU
	EndGlobalSection
	GlobalSection(SolutionProperties) = preSolution
		HideSolutionNode = FALSE
	EndGlobalSection
	GlobalSection(NestedProjects) = preSolution
		{352E2A62-9C3D-40A3-AF95-0C0B23349D1F} = {F2F0ECDC-9D79-4F3B-8B56-B679BC024E68}
		{9BB60D70-6372-4957-8A04-F2382C368797} = {323F5BF0-5B10-474B-989C-7CDF15D068D5}
		{FA66014A-25E1-43D4-BB63-A40D5581EC3D} = {352E2A62-9C3D-40A3-AF95-0C0B23349D1F}
		{155A8CAC-F8C8-442C-9270-C4DB4B479B16} = {16AAA890-47C8-4324-B374-6BE720D1F064}
		{EB71D836-48AB-43A0-874E-96067AFD5D96} = {F2F0ECDC-9D79-4F3B-8B56-B679BC024E68}
		{A19FAA1D-346E-4A6D-BC1D-FEFFF0609A22} = {352E2A62-9C3D-40A3-AF95-0C0B23349D1F}
		{2DCD502A-E0EC-4CEF-9DA0-5BB6C53F261A} = {352E2A62-9C3D-40A3-AF95-0C0B23349D1F}
		{179B2688-A2F6-4748-85FC-3CDD9BF70498} = {A19FAA1D-346E-4A6D-BC1D-FEFFF0609A22}
		{D70EE038-536F-46EE-8704-6FA5516D9FC4} = {A19FAA1D-346E-4A6D-BC1D-FEFFF0609A22}
		{6F6C08A9-4F5B-480A-BCC7-8CDEED951918} = {A19FAA1D-346E-4A6D-BC1D-FEFFF0609A22}
		{FE9FB8FE-CA6D-44DD-8FA4-C0EA5DD562BE} = {352E2A62-9C3D-40A3-AF95-0C0B23349D1F}
		{981065BB-D560-4878-91F4-00CE276F8CF5} = {323F5BF0-5B10-474B-989C-7CDF15D068D5}
		{8B76E525-8744-48E1-B1CE-900DA23E0C91} = {3440EE81-458C-4F99-8F8A-DDDF01CB8857}
		{7159B945-AA82-468E-994A-33D7564D99A3} = {D9114968-27FF-45A8-8C1E-553FEDF155AF}
	EndGlobalSection
	GlobalSection(ExtensibilityGlobals) = postSolution
		SolutionGuid = {AB81EA33-6C93-47BF-9713-622F1B5B3816}
	EndGlobalSection
EndGlobal
